// !$*UTF8*$!
{
	archiveVersion = 1;
	classes = {
	};
	objectVersion = 55;
	objects = {

/* Begin PBXBuildFile section */
		536BC59227D11FDA00A16E9F /* ImageView.swift in Sources */ = {isa = PBXBuildFile; fileRef = 536BC59127D11FDA00A16E9F /* ImageView.swift */; };
		53D4292D27CFF81D00369787 /* ContactsSwiftUIApp.swift in Sources */ = {isa = PBXBuildFile; fileRef = 53D4292C27CFF81D00369787 /* ContactsSwiftUIApp.swift */; };
		53D4292F27CFF81D00369787 /* ContentView.swift in Sources */ = {isa = PBXBuildFile; fileRef = 53D4292E27CFF81D00369787 /* ContentView.swift */; };
		53D4293127CFF82000369787 /* Assets.xcassets in Resources */ = {isa = PBXBuildFile; fileRef = 53D4293027CFF82000369787 /* Assets.xcassets */; };
		53D4293427CFF82000369787 /* Preview Assets.xcassets in Resources */ = {isa = PBXBuildFile; fileRef = 53D4293327CFF82000369787 /* Preview Assets.xcassets */; };
		53D4293C27CFF85600369787 /* Person.swift in Sources */ = {isa = PBXBuildFile; fileRef = 53D4293B27CFF85600369787 /* Person.swift */; };
		53D4293F27CFF87A00369787 /* DataManager.swift in Sources */ = {isa = PBXBuildFile; fileRef = 53D4293E27CFF87A00369787 /* DataManager.swift */; };
		53D4294A27D0140400369787 /* DetailRow.swift in Sources */ = {isa = PBXBuildFile; fileRef = 53D4294927D0140400369787 /* DetailRow.swift */; };
		53D4294C27D01CD700369787 /* Details.swift in Sources */ = {isa = PBXBuildFile; fileRef = 53D4294B27D01CD700369787 /* Details.swift */; };
		53D4294E27D0222E00369787 /* PersonsList.swift in Sources */ = {isa = PBXBuildFile; fileRef = 53D4294D27D0222E00369787 /* PersonsList.swift */; };
		53D4295027D0254000369787 /* PersonsView.swift in Sources */ = {isa = PBXBuildFile; fileRef = 53D4294F27D0254000369787 /* PersonsView.swift */; };
/* End PBXBuildFile section */

/* Begin PBXFileReference section */
		536BC59127D11FDA00A16E9F /* ImageView.swift */ = {isa = PBXFileReference; lastKnownFileType = sourcecode.swift; path = ImageView.swift; sourceTree = "<group>"; };
		53D4292927CFF81D00369787 /* ContactsSwiftUI.app */ = {isa = PBXFileReference; explicitFileType = wrapper.application; includeInIndex = 0; path = ContactsSwiftUI.app; sourceTree = BUILT_PRODUCTS_DIR; };
		53D4292C27CFF81D00369787 /* ContactsSwiftUIApp.swift */ = {isa = PBXFileReference; lastKnownFileType = sourcecode.swift; path = ContactsSwiftUIApp.swift; sourceTree = "<group>"; };
		53D4292E27CFF81D00369787 /* ContentView.swift */ = {isa = PBXFileReference; lastKnownFileType = sourcecode.swift; path = ContentView.swift; sourceTree = "<group>"; };
		53D4293027CFF82000369787 /* Assets.xcassets */ = {isa = PBXFileReference; lastKnownFileType = folder.assetcatalog; path = Assets.xcassets; sourceTree = "<group>"; };
		53D4293327CFF82000369787 /* Preview Assets.xcassets */ = {isa = PBXFileReference; lastKnownFileType = folder.assetcatalog; path = "Preview Assets.xcassets"; sourceTree = "<group>"; };
		53D4293B27CFF85600369787 /* Person.swift */ = {isa = PBXFileReference; lastKnownFileType = sourcecode.swift; path = Person.swift; sourceTree = "<group>"; };
		53D4293E27CFF87A00369787 /* DataManager.swift */ = {isa = PBXFileReference; lastKnownFileType = sourcecode.swift; path = DataManager.swift; sourceTree = "<group>"; };
		53D4294927D0140400369787 /* DetailRow.swift */ = {isa = PBXFileReference; lastKnownFileType = sourcecode.swift; path = DetailRow.swift; sourceTree = "<group>"; };
		53D4294B27D01CD700369787 /* Details.swift */ = {isa = PBXFileReference; lastKnownFileType = sourcecode.swift; path = Details.swift; sourceTree = "<group>"; };
		53D4294D27D0222E00369787 /* PersonsList.swift */ = {isa = PBXFileReference; lastKnownFileType = sourcecode.swift; path = PersonsList.swift; sourceTree = "<group>"; };
		53D4294F27D0254000369787 /* PersonsView.swift */ = {isa = PBXFileReference; lastKnownFileType = sourcecode.swift; path = PersonsView.swift; sourceTree = "<group>"; };
/* End PBXFileReference section */

/* Begin PBXFrameworksBuildPhase section */
		53D4292627CFF81D00369787 /* Frameworks */ = {
			isa = PBXFrameworksBuildPhase;
			buildActionMask = 2147483647;
			files = (
			);
			runOnlyForDeploymentPostprocessing = 0;
		};
/* End PBXFrameworksBuildPhase section */

/* Begin PBXGroup section */
		53D4292027CFF81D00369787 = {
			isa = PBXGroup;
			children = (
				53D4292B27CFF81D00369787 /* ContactsSwiftUI */,
				53D4292A27CFF81D00369787 /* Products */,
			);
			sourceTree = "<group>";
		};
		53D4292A27CFF81D00369787 /* Products */ = {
			isa = PBXGroup;
			children = (
				53D4292927CFF81D00369787 /* ContactsSwiftUI.app */,
			);
			name = Products;
			sourceTree = "<group>";
		};
		53D4292B27CFF81D00369787 /* ContactsSwiftUI */ = {
			isa = PBXGroup;
			children = (
				53D4294027CFF8A100369787 /* Views */,
				53D4293A27CFF83200369787 /* Models */,
				53D4293D27CFF85B00369787 /* Services */,
				53D4293027CFF82000369787 /* Assets.xcassets */,
				53D4292C27CFF81D00369787 /* ContactsSwiftUIApp.swift */,
				53D4293227CFF82000369787 /* Preview Content */,
			);
			path = ContactsSwiftUI;
			sourceTree = "<group>";
		};
		53D4293227CFF82000369787 /* Preview Content */ = {
			isa = PBXGroup;
			children = (
				53D4293327CFF82000369787 /* Preview Assets.xcassets */,
			);
			path = "Preview Content";
			sourceTree = "<group>";
		};
		53D4293A27CFF83200369787 /* Models */ = {
			isa = PBXGroup;
			children = (
				53D4293B27CFF85600369787 /* Person.swift */,
			);
			path = Models;
			sourceTree = "<group>";
		};
		53D4293D27CFF85B00369787 /* Services */ = {
			isa = PBXGroup;
			children = (
				53D4293E27CFF87A00369787 /* DataManager.swift */,
			);
			path = Services;
			sourceTree = "<group>";
		};
		53D4294027CFF8A100369787 /* Views */ = {
			isa = PBXGroup;
			children = (
				53D4292E27CFF81D00369787 /* ContentView.swift */,
				53D4294F27D0254000369787 /* PersonsView.swift */,
				53D4294D27D0222E00369787 /* PersonsList.swift */,
				53D4294B27D01CD700369787 /* Details.swift */,
				53D4294927D0140400369787 /* DetailRow.swift */,
				536BC59127D11FDA00A16E9F /* ImageView.swift */,
			);
			path = Views;
			sourceTree = "<group>";
		};
/* End PBXGroup section */

/* Begin PBXNativeTarget section */
		53D4292827CFF81D00369787 /* ContactsSwiftUI */ = {
			isa = PBXNativeTarget;
			buildConfigurationList = 53D4293727CFF82000369787 /* Build configuration list for PBXNativeTarget "ContactsSwiftUI" */;
			buildPhases = (
				53D4292527CFF81D00369787 /* Sources */,
				53D4292627CFF81D00369787 /* Frameworks */,
				53D4292727CFF81D00369787 /* Resources */,
			);
			buildRules = (
			);
			dependencies = (
			);
			name = ContactsSwiftUI;
			productName = ContactsSwiftUI;
			productReference = 53D4292927CFF81D00369787 /* ContactsSwiftUI.app */;
			productType = "com.apple.product-type.application";
		};
/* End PBXNativeTarget section */

/* Begin PBXProject section */
		53D4292127CFF81D00369787 /* Project object */ = {
			isa = PBXProject;
			attributes = {
				BuildIndependentTargetsInParallel = 1;
				LastSwiftUpdateCheck = 1300;
				LastUpgradeCheck = 1300;
				TargetAttributes = {
					53D4292827CFF81D00369787 = {
						CreatedOnToolsVersion = 13.0;
					};
				};
			};
			buildConfigurationList = 53D4292427CFF81D00369787 /* Build configuration list for PBXProject "ContactsSwiftUI" */;
			compatibilityVersion = "Xcode 13.0";
			developmentRegion = en;
			hasScannedForEncodings = 0;
			knownRegions = (
				en,
				Base,
			);
			mainGroup = 53D4292027CFF81D00369787;
			productRefGroup = 53D4292A27CFF81D00369787 /* Products */;
			projectDirPath = "";
			projectRoot = "";
			targets = (
				53D4292827CFF81D00369787 /* ContactsSwiftUI */,
			);
		};
/* End PBXProject section */

/* Begin PBXResourcesBuildPhase section */
		53D4292727CFF81D00369787 /* Resources */ = {
			isa = PBXResourcesBuildPhase;
			buildActionMask = 2147483647;
			files = (
				53D4293427CFF82000369787 /* Preview Assets.xcassets in Resources */,
				53D4293127CFF82000369787 /* Assets.xcassets in Resources */,
			);
			runOnlyForDeploymentPostprocessing = 0;
		};
/* End PBXResourcesBuildPhase section */

/* Begin PBXSourcesBuildPhase section */
		53D4292527CFF81D00369787 /* Sources */ = {
			isa = PBXSourcesBuildPhase;
			buildActionMask = 2147483647;
			files = (
				53D4295027D0254000369787 /* PersonsView.swift in Sources */,
				53D4293C27CFF85600369787 /* Person.swift in Sources */,
				53D4293F27CFF87A00369787 /* DataManager.swift in Sources */,
				53D4294C27D01CD700369787 /* Details.swift in Sources */,
				53D4292F27CFF81D00369787 /* ContentView.swift in Sources */,
				53D4294E27D0222E00369787 /* PersonsList.swift in Sources */,
				536BC59227D11FDA00A16E9F /* ImageView.swift in Sources */,
				53D4294A27D0140400369787 /* DetailRow.swift in Sources */,
				53D4292D27CFF81D00369787 /* ContactsSwiftUIApp.swift in Sources */,
			);
			runOnlyForDeploymentPostprocessing = 0;
		};
/* End PBXSourcesBuildPhase section */

/* Begin XCBuildConfiguration section */
		53D4293527CFF82000369787 /* Debug */ = {
			isa = XCBuildConfiguration;
			buildSettings = {
				ALWAYS_SEARCH_USER_PATHS = NO;
				CLANG_ANALYZER_NONNULL = YES;
				CLANG_ANALYZER_NUMBER_OBJECT_CONVERSION = YES_AGGRESSIVE;
				CLANG_CXX_LANGUAGE_STANDARD = "gnu++17";
				CLANG_CXX_LIBRARY = "libc++";
				CLANG_ENABLE_MODULES = YES;
				CLANG_ENABLE_OBJC_ARC = YES;
				CLANG_ENABLE_OBJC_WEAK = YES;
				CLANG_WARN_BLOCK_CAPTURE_AUTORELEASING = YES;
				CLANG_WARN_BOOL_CONVERSION = YES;
				CLANG_WARN_COMMA = YES;
				CLANG_WARN_CONSTANT_CONVERSION = YES;
				CLANG_WARN_DEPRECATED_OBJC_IMPLEMENTATIONS = YES;
				CLANG_WARN_DIRECT_OBJC_ISA_USAGE = YES_ERROR;
				CLANG_WARN_DOCUMENTATION_COMMENTS = YES;
				CLANG_WARN_EMPTY_BODY = YES;
				CLANG_WARN_ENUM_CONVERSION = YES;
				CLANG_WARN_INFINITE_RECURSION = YES;
				CLANG_WARN_INT_CONVERSION = YES;
				CLANG_WARN_NON_LITERAL_NULL_CONVERSION = YES;
				CLANG_WARN_OBJC_IMPLICIT_RETAIN_SELF = YES;
				CLANG_WARN_OBJC_LITERAL_CONVERSION = YES;
				CLANG_WARN_OBJC_ROOT_CLASS = YES_ERROR;
				CLANG_WARN_QUOTED_INCLUDE_IN_FRAMEWORK_HEADER = YES;
				CLANG_WARN_RANGE_LOOP_ANALYSIS = YES;
				CLANG_WARN_STRICT_PROTOTYPES = YES;
				CLANG_WARN_SUSPICIOUS_MOVE = YES;
				CLANG_WARN_UNGUARDED_AVAILABILITY = YES_AGGRESSIVE;
				CLANG_WARN_UNREACHABLE_CODE = YES;
				CLANG_WARN__DUPLICATE_METHOD_MATCH = YES;
				COPY_PHASE_STRIP = NO;
				DEBUG_INFORMATION_FORMAT = dwarf;
				ENABLE_STRICT_OBJC_MSGSEND = YES;
				ENABLE_TESTABILITY = YES;
				GCC_C_LANGUAGE_STANDARD = gnu11;
				GCC_DYNAMIC_NO_PIC = NO;
				GCC_NO_COMMON_BLOCKS = YES;
				GCC_OPTIMIZATION_LEVEL = 0;
				GCC_PREPROCESSOR_DEFINITIONS = (
					"DEBUG=1",
					"$(inherited)",
				);
				GCC_WARN_64_TO_32_BIT_CONVERSION = YES;
				GCC_WARN_ABOUT_RETURN_TYPE = YES_ERROR;
				GCC_WARN_UNDECLARED_SELECTOR = YES;
				GCC_WARN_UNINITIALIZED_AUTOS = YES_AGGRESSIVE;
				GCC_WARN_UNUSED_FUNCTION = YES;
				GCC_WARN_UNUSED_VARIABLE = YES;
				IPHONEOS_DEPLOYMENT_TARGET = 15.0;
				MTL_ENABLE_DEBUG_INFO = INCLUDE_SOURCE;
				MTL_FAST_MATH = YES;
				ONLY_ACTIVE_ARCH = YES;
				SDKROOT = iphoneos;
				SWIFT_ACTIVE_COMPILATION_CONDITIONS = DEBUG;
				SWIFT_OPTIMIZATION_LEVEL = "-Onone";
			};
			name = Debug;
		};
		53D4293627CFF82000369787 /* Release */ = {
			isa = XCBuildConfiguration;
			buildSettings = {
				ALWAYS_SEARCH_USER_PATHS = NO;
				CLANG_ANALYZER_NONNULL = YES;
				CLANG_ANALYZER_NUMBER_OBJECT_CONVERSION = YES_AGGRESSIVE;
				CLANG_CXX_LANGUAGE_STANDARD = "gnu++17";
				CLANG_CXX_LIBRARY = "libc++";
				CLANG_ENABLE_MODULES = YES;
				CLANG_ENABLE_OBJC_ARC = YES;
				CLANG_ENABLE_OBJC_WEAK = YES;
				CLANG_WARN_BLOCK_CAPTURE_AUTORELEASING = YES;
				CLANG_WARN_BOOL_CONVERSION = YES;
				CLANG_WARN_COMMA = YES;
				CLANG_WARN_CONSTANT_CONVERSION = YES;
				CLANG_WARN_DEPRECATED_OBJC_IMPLEMENTATIONS = YES;
				CLANG_WARN_DIRECT_OBJC_ISA_USAGE = YES_ERROR;
				CLANG_WARN_DOCUMENTATION_COMMENTS = YES;
				CLANG_WARN_EMPTY_BODY = YES;
				CLANG_WARN_ENUM_CONVERSION = YES;
				CLANG_WARN_INFINITE_RECURSION = YES;
				CLANG_WARN_INT_CONVERSION = YES;
				CLANG_WARN_NON_LITERAL_NULL_CONVERSION = YES;
				CLANG_WARN_OBJC_IMPLICIT_RETAIN_SELF = YES;
				CLANG_WARN_OBJC_LITERAL_CONVERSION = YES;
				CLANG_WARN_OBJC_ROOT_CLASS = YES_ERROR;
				CLANG_WARN_QUOTED_INCLUDE_IN_FRAMEWORK_HEADER = YES;
				CLANG_WARN_RANGE_LOOP_ANALYSIS = YES;
				CLANG_WARN_STRICT_PROTOTYPES = YES;
				CLANG_WARN_SUSPICIOUS_MOVE = YES;
				CLANG_WARN_UNGUARDED_AVAILABILITY = YES_AGGRESSIVE;
				CLANG_WARN_UNREACHABLE_CODE = YES;
				CLANG_WARN__DUPLICATE_METHOD_MATCH = YES;
				COPY_PHASE_STRIP = NO;
				DEBUG_INFORMATION_FORMAT = "dwarf-with-dsym";
				ENABLE_NS_ASSERTIONS = NO;
				ENABLE_STRICT_OBJC_MSGSEND = YES;
				GCC_C_LANGUAGE_STANDARD = gnu11;
				GCC_NO_COMMON_BLOCKS = YES;
				GCC_WARN_64_TO_32_BIT_CONVERSION = YES;
				GCC_WARN_ABOUT_RETURN_TYPE = YES_ERROR;
				GCC_WARN_UNDECLARED_SELECTOR = YES;
				GCC_WARN_UNINITIALIZED_AUTOS = YES_AGGRESSIVE;
				GCC_WARN_UNUSED_FUNCTION = YES;
				GCC_WARN_UNUSED_VARIABLE = YES;
				IPHONEOS_DEPLOYMENT_TARGET = 15.0;
				MTL_ENABLE_DEBUG_INFO = NO;
				MTL_FAST_MATH = YES;
				SDKROOT = iphoneos;
				SWIFT_COMPILATION_MODE = wholemodule;
				SWIFT_OPTIMIZATION_LEVEL = "-O";
				VALIDATE_PRODUCT = YES;
			};
			name = Release;
		};
		53D4293827CFF82000369787 /* Debug */ = {
			isa = XCBuildConfiguration;
			buildSettings = {
				ASSETCATALOG_COMPILER_APPICON_NAME = AppIcon;
				ASSETCATALOG_COMPILER_GLOBAL_ACCENT_COLOR_NAME = AccentColor;
				CODE_SIGN_STYLE = Automatic;
				CURRENT_PROJECT_VERSION = 1;
				DEVELOPMENT_ASSET_PATHS = "\"ContactsSwiftUI/Preview Content\"";
				DEVELOPMENT_TEAM = 44ZA64HFPA;
				ENABLE_PREVIEWS = YES;
				GENERATE_INFOPLIST_FILE = YES;
				INFOPLIST_KEY_UIApplicationSceneManifest_Generation = YES;
				INFOPLIST_KEY_UIApplicationSupportsIndirectInputEvents = YES;
				INFOPLIST_KEY_UILaunchScreen_Generation = YES;
				INFOPLIST_KEY_UISupportedInterfaceOrientations_iPad = "UIInterfaceOrientationPortrait UIInterfaceOrientationPortraitUpsideDown UIInterfaceOrientationLandscapeLeft UIInterfaceOrientationLandscapeRight";
				INFOPLIST_KEY_UISupportedInterfaceOrientations_iPhone = "UIInterfaceOrientationPortrait UIInterfaceOrientationLandscapeLeft UIInterfaceOrientationLandscapeRight";
				IPHONEOS_DEPLOYMENT_TARGET = 14.0;
				LD_RUNPATH_SEARCH_PATHS = (
					"$(inherited)",
					"@executable_path/Frameworks",
				);
				MARKETING_VERSION = 1.0;
				PRODUCT_BUNDLE_IDENTIFIER = dmitol.ContactsSwiftUI;
				PRODUCT_NAME = "$(TARGET_NAME)";
				SWIFT_EMIT_LOC_STRINGS = YES;
				SWIFT_VERSION = 5.0;
				TARGETED_DEVICE_FAMILY = "1,2";
			};
			name = Debug;
		};
		53D4293927CFF82000369787 /* Release */ = {
			isa = XCBuildConfiguration;
			buildSettings = {
				ASSETCATALOG_COMPILER_APPICON_NAME = AppIcon;
				ASSETCATALOG_COMPILER_GLOBAL_ACCENT_COLOR_NAME = AccentColor;
				CODE_SIGN_STYLE = Automatic;
				CURRENT_PROJECT_VERSION = 1;
				DEVELOPMENT_ASSET_PATHS = "\"ContactsSwiftUI/Preview Content\"";
				DEVELOPMENT_TEAM = 44ZA64HFPA;
				ENABLE_PREVIEWS = YES;
				GENERATE_INFOPLIST_FILE = YES;
				INFOPLIST_KEY_UIApplicationSceneManifest_Generation = YES;
				INFOPLIST_KEY_UIApplicationSupportsIndirectInputEvents = YES;
				INFOPLIST_KEY_UILaunchScreen_Generation = YES;
				INFOPLIST_KEY_UISupportedInterfaceOrientations_iPad = "UIInterfaceOrientationPortrait UIInterfaceOrientationPortraitUpsideDown UIInterfaceOrientationLandscapeLeft UIInterfaceOrientationLandscapeRight";
				INFOPLIST_KEY_UISupportedInterfaceOrientations_iPhone = "UIInterfaceOrientationPortrait UIInterfaceOrientationLandscapeLeft UIInterfaceOrientationLandscapeRight";
				IPHONEOS_DEPLOYMENT_TARGET = 14.0;
				LD_RUNPATH_SEARCH_PATHS = (
					"$(inherited)",
					"@executable_path/Frameworks",
				);
				MARKETING_VERSION = 1.0;
				PRODUCT_BUNDLE_IDENTIFIER = dmitol.ContactsSwiftUI;
				PRODUCT_NAME = "$(TARGET_NAME)";
				SWIFT_EMIT_LOC_STRINGS = YES;
				SWIFT_VERSION = 5.0;
				TARGETED_DEVICE_FAMILY = "1,2";
			};
			name = Release;
		};
/* End XCBuildConfiguration section */

/* Begin XCConfigurationList section */
		53D4292427CFF81D00369787 /* Build configuration list for PBXProject "ContactsSwiftUI" */ = {
			isa = XCConfigurationList;
			buildConfigurations = (
				53D4293527CFF82000369787 /* Debug */,
				53D4293627CFF82000369787 /* Release */,
			);
			defaultConfigurationIsVisible = 0;
			defaultConfigurationName = Release;
		};
		53D4293727CFF82000369787 /* Build configuration list for PBXNativeTarget "ContactsSwiftUI" */ = {
			isa = XCConfigurationList;
			buildConfigurations = (
				53D4293827CFF82000369787 /* Debug */,
				53D4293927CFF82000369787 /* Release */,
			);
			defaultConfigurationIsVisible = 0;
			defaultConfigurationName = Release;
		};
/* End XCConfigurationList section */
	};
	rootObject = 53D4292127CFF81D00369787 /* Project object */;
}
